{
  "meteor": {
    "git": "https://github.com/meteor/meteor.git",
    "branch": "master",
    "commit": "4d98d8cb4e5a95e9e98953f44c872c9332a042a3"
  },
  "dependencies": {
    "basePackages": {
      "moment": {},
      "node-modules": {},
      "stripe": {}
    },
    "packages": {
      "moment": {
        "git": "https://github.com/possibilities/meteor-moment.git",
        "tag": "v1.7.0",
        "commit": "c64b6ec0e714b9556f4b6643d430b868ba69d3d7"
      },
      "node-modules": {
        "git": "https://github.com/possibilities/meteor-node-modules.git",
        "tag": "v0.0.5",
        "commit": "d502e5091759073a6baed856fadd93012749842d"
      },
      "stripe": {
        "git": "https://github.com/appleifreak/stripe-meteor.git",
        "tag": "v1.0.0",
        "commit": "152de8922a7e0f3d1d131ef457d566f8654c0743"
      }
    }
  }
}
